<?xml version="1.0" encoding="utf-8"?>
<Project ToolsVersion="4.0" xmlns="http://schemas.microsoft.com/developer/msbuild/2003">
  <ItemGroup>
    <Filter Include="Source Files">
      <UniqueIdentifier>{4FC737F1-C7A5-4376-A066-2A32D752A2FF}</UniqueIdentifier>
      <Extensions>cpp;c;cc;cxx;c++;cppm;ixx;def;odl;idl;hpj;bat;asm;asmx</Extensions>
    </Filter>
    <Filter Include="Header Files">
      <UniqueIdentifier>{93995380-89BD-4b04-88EB-625FBE52EBFB}</UniqueIdentifier>
      <Extensions>h;hh;hpp;hxx;h++;hm;inl;inc;ipp;xsd</Extensions>
    </Filter>
    <Filter Include="Resource Files">
      <UniqueIdentifier>{67DA6AB6-F800-4c08-8B7A-83BB121AAD01}</UniqueIdentifier>
      <Extensions>rc;ico;cur;bmp;dlg;rc2;rct;bin;rgs;gif;jpg;jpeg;jpe;resx;tiff;tif;png;wav;mfcribbon-ms</Extensions>
    </Filter>
    <Filter Include="Resource Files\Zombie">
      <UniqueIdentifier>{b694c439-e633-417d-8b8a-d10a561541f5}</UniqueIdentifier>
    </Filter>
    <Filter Include="Resource Files\Gun">
      <UniqueIdentifier>{1624fd90-085f-4f96-a2eb-7a864fd9cdc6}</UniqueIdentifier>
    </Filter>
  </ItemGroup>
  <ItemGroup>
    <None Include="data\light.ps">
      <Filter>Resource Files</Filter>
    </None>
    <None Include="data\light.vs">
      <Filter>Resource Files</Filter>
    </None>
    <None Include="data\texture.ps">
      <Filter>Resource Files</Filter>
    </None>
    <None Include="data\texture.vs">
      <Filter>Resource Files</Filter>
    </None>
    <None Include="data\color.ps">
      <Filter>Resource Files</Filter>
    </None>
    <None Include="data\color.vs">
      <Filter>Resource Files</Filter>
    </None>
    <None Include="data\font.vs">
      <Filter>Resource Files</Filter>
    </None>
    <None Include="data\font.ps">
      <Filter>Resource Files</Filter>
    </None>
    <None Include="data\particle.ps">
      <Filter>Resource Files</Filter>
    </None>
    <None Include="data\particle.vs">
      <Filter>Resource Files</Filter>
    </None>
  </ItemGroup>
  <ItemGroup>
    <ClCompile Include="colorshaderclass.cpp">
      <Filter>Source Files</Filter>
    </ClCompile>
    <ClCompile Include="d3dclass.cpp">
      <Filter>Source Files</Filter>
    </ClCompile>
    <ClCompile Include="DDSTextureLoader.cpp">
      <Filter>Source Files</Filter>
    </ClCompile>
    <ClCompile Include="cameraclass.cpp">
      <Filter>Source Files</Filter>
    </ClCompile>
    <ClCompile Include="main.cpp">
      <Filter>Source Files</Filter>
    </ClCompile>
    <ClCompile Include="modelclass.cpp">
      <Filter>Source Files</Filter>
    </ClCompile>
    <ClCompile Include="systemclass.cpp">
      <Filter>Source Files</Filter>
    </ClCompile>
    <ClCompile Include="textureclass.cpp">
      <Filter>Source Files</Filter>
    </ClCompile>
    <ClCompile Include="textureshaderclass.cpp">
      <Filter>Source Files</Filter>
    </ClCompile>
    <ClCompile Include="graphicsclass.cpp">
      <Filter>Source Files</Filter>
    </ClCompile>
    <ClCompile Include="inputclass.cpp">
      <Filter>Source Files</Filter>
    </ClCompile>
    <ClCompile Include="lightclass.cpp">
      <Filter>Source Files</Filter>
    </ClCompile>
    <ClCompile Include="lightshaderclass.cpp">
      <Filter>Source Files</Filter>
    </ClCompile>
    <ClCompile Include="bitmapclass.cpp">
      <Filter>Source Files</Filter>
    </ClCompile>
    <ClCompile Include="fontshaderclass.cpp">
      <Filter>Source Files</Filter>
    </ClCompile>
    <ClCompile Include="fontclass.cpp">
      <Filter>Source Files</Filter>
    </ClCompile>
    <ClCompile Include="textclass.cpp">
      <Filter>Source Files</Filter>
    </ClCompile>
    <ClCompile Include="model2Dclass.cpp">
      <Filter>Source Files</Filter>
    </ClCompile>
    <ClCompile Include="spriteclass.cpp">
      <Filter>Source Files</Filter>
    </ClCompile>
    <ClCompile Include="enemyclass.cpp">
      <Filter>Source Files</Filter>
    </ClCompile>
    <ClCompile Include="cpuclass.cpp">
      <Filter>Source Files</Filter>
    </ClCompile>
    <ClCompile Include="fpsclass.cpp">
      <Filter>Source Files</Filter>
    </ClCompile>
    <ClCompile Include="timerclass.cpp">
      <Filter>Source Files</Filter>
    </ClCompile>
    <ClCompile Include="position.cpp">
      <Filter>Source Files</Filter>
    </ClCompile>
    <ClCompile Include="enemyStates.cpp">
      <Filter>Source Files</Filter>
    </ClCompile>
    <ClCompile Include="sphereclass.cpp">
      <Filter>Source Files</Filter>
    </ClCompile>
    <ClCompile Include="nodeclass.cpp">
      <Filter>Source Files</Filter>
    </ClCompile>
    <ClCompile Include="astarclass.cpp">
      <Filter>Source Files</Filter>
    </ClCompile>
    <ClCompile Include="navmeshclass.cpp">
      <Filter>Source Files</Filter>
    </ClCompile>
    <ClCompile Include="triangleclass.cpp">
      <Filter>Source Files</Filter>
    </ClCompile>
    <ClCompile Include="lineclass.cpp">
      <Filter>Source Files</Filter>
    </ClCompile>
    <ClCompile Include="texturearrayclass.cpp">
      <Filter>Source Files</Filter>
    </ClCompile>
    <ClCompile Include="stdafx.cpp">
      <Filter>Source Files</Filter>
    </ClCompile>
    <ClCompile Include="skyboxshaderclass.cpp">
      <Filter>Source Files</Filter>
    </ClCompile>
    <ClCompile Include="bulletclass.cpp">
      <Filter>Source Files</Filter>
    </ClCompile>
    <ClCompile Include="bulletpoolclass.cpp">
      <Filter>Source Files</Filter>
    </ClCompile>
    <ClCompile Include="particleshaderclass.cpp">
      <Filter>Source Files</Filter>
    </ClCompile>
    <ClCompile Include="particlesystemclass.cpp">
      <Filter>Source Files</Filter>
    </ClCompile>
    <ClCompile Include="soundclass.cpp">
      <Filter>Source Files</Filter>
    </ClCompile>
  </ItemGroup>
  <ItemGroup>
    <ClInclude Include="AlignedAllocationPolicy.h">
      <Filter>Header Files</Filter>
    </ClInclude>
    <ClInclude Include="cameraclass.h">
      <Filter>Header Files</Filter>
    </ClInclude>
    <ClInclude Include="colorshaderclass.h">
      <Filter>Header Files</Filter>
    </ClInclude>
    <ClInclude Include="d3dclass.h">
      <Filter>Header Files</Filter>
    </ClInclude>
    <ClInclude Include="DDSTextureLoader.h">
      <Filter>Header Files</Filter>
    </ClInclude>
    <ClInclude Include="graphicsclass.h">
      <Filter>Header Files</Filter>
    </ClInclude>
    <ClInclude Include="inputclass.h">
      <Filter>Header Files</Filter>
    </ClInclude>
    <ClInclude Include="lightclass.h">
      <Filter>Header Files</Filter>
    </ClInclude>
    <ClInclude Include="lightshaderclass.h">
      <Filter>Header Files</Filter>
    </ClInclude>
    <ClInclude Include="modelclass.h">
      <Filter>Header Files</Filter>
    </ClInclude>
    <ClInclude Include="systemclass.h">
      <Filter>Header Files</Filter>
    </ClInclude>
    <ClInclude Include="textureclass.h">
      <Filter>Header Files</Filter>
    </ClInclude>
    <ClInclude Include="textureshaderclass.h">
      <Filter>Header Files</Filter>
    </ClInclude>
    <ClInclude Include="bitmapclass.h">
      <Filter>Header Files</Filter>
    </ClInclude>
    <ClInclude Include="fontclass.h">
      <Filter>Header Files</Filter>
    </ClInclude>
    <ClInclude Include="fontshaderclass.h">
      <Filter>Header Files</Filter>
    </ClInclude>
    <ClInclude Include="textclass.h">
      <Filter>Header Files</Filter>
    </ClInclude>
    <ClInclude Include="model2Dclass.h">
      <Filter>Header Files</Filter>
    </ClInclude>
    <ClInclude Include="spriteclass.h">
      <Filter>Header Files</Filter>
    </ClInclude>
    <ClInclude Include="enemyclass.h">
      <Filter>Header Files</Filter>
    </ClInclude>
    <ClInclude Include="cpuclass.h">
      <Filter>Header Files</Filter>
    </ClInclude>
    <ClInclude Include="fpsclass.h">
      <Filter>Header Files</Filter>
    </ClInclude>
    <ClInclude Include="timerclass.h">
      <Filter>Header Files</Filter>
    </ClInclude>
    <ClInclude Include="position.h">
      <Filter>Header Files</Filter>
    </ClInclude>
    <ClInclude Include="enemyStates.h">
      <Filter>Header Files</Filter>
    </ClInclude>
    <ClInclude Include="state.h">
      <Filter>Header Files</Filter>
    </ClInclude>
    <ClInclude Include="stateMachine.h">
      <Filter>Header Files</Filter>
    </ClInclude>
    <ClInclude Include="sphereclass.h">
      <Filter>Header Files</Filter>
    </ClInclude>
    <ClInclude Include="nodeclass.h">
      <Filter>Header Files</Filter>
    </ClInclude>
    <ClInclude Include="astarclass.h">
      <Filter>Header Files</Filter>
    </ClInclude>
    <ClInclude Include="navmeshclass.h">
      <Filter>Header Files</Filter>
    </ClInclude>
    <ClInclude Include="triangleclass.h">
      <Filter>Header Files</Filter>
    </ClInclude>
    <ClInclude Include="lineclass.h">
      <Filter>Header Files</Filter>
    </ClInclude>
    <ClInclude Include="texturearrayclass.h">
      <Filter>Header Files</Filter>
    </ClInclude>
    <ClInclude Include="stdafx.h">
      <Filter>Header Files</Filter>
    </ClInclude>
    <ClInclude Include="targetver.h">
      <Filter>Header Files</Filter>
    </ClInclude>
    <ClInclude Include="DxDefine.h">
      <Filter>Header Files</Filter>
    </ClInclude>
    <ClInclude Include="skyboxshaderclass.h">
      <Filter>Header Files</Filter>
    </ClInclude>
    <ClInclude Include="bulletclass.h">
      <Filter>Header Files</Filter>
    </ClInclude>
    <ClInclude Include="bulletpoolclass.h">
      <Filter>Header Files</Filter>
    </ClInclude>
    <ClInclude Include="particleshaderclass.h">
      <Filter>Header Files</Filter>
    </ClInclude>
    <ClInclude Include="particlesystemclass.h">
      <Filter>Header Files</Filter>
    </ClInclude>
    <ClInclude Include="soundclass.h">
      <Filter>Header Files</Filter>
    </ClInclude>
  </ItemGroup>
  <ItemGroup>
    <Image Include="data\Zombie\MT_Zombie_F_1.dds">
      <Filter>Resource Files\Zombie</Filter>
    </Image>
    <Image Include="data\Zombie\MT_Zombie_F_2.dds">
      <Filter>Resource Files\Zombie</Filter>
    </Image>
    <Image Include="data\Zombie\MT_Zombie_F_3.dds">
      <Filter>Resource Files\Zombie</Filter>
    </Image>
    <Image Include="data\Zombie\MT_Zombie_F_4.dds">
      <Filter>Resource Files\Zombie</Filter>
    </Image>
    <Image Include="data\Zombie\MT_Zombie_R_2.dds">
      <Filter>Resource Files\Zombie</Filter>
    </Image>
    <Image Include="data\Zombie\MT_Zombie_R_3.dds">
      <Filter>Resource Files\Zombie</Filter>
    </Image>
    <Image Include="data\Zombie\MT_Zombie_R_4.dds">
      <Filter>Resource Files\Zombie</Filter>
    </Image>
    <Image Include="data\Zombie\MT_Zombie_B_1.dds">
      <Filter>Resource Files\Zombie</Filter>
    </Image>
    <Image Include="data\Zombie\MT_Zombie_B_2.dds">
      <Filter>Resource Files\Zombie</Filter>
    </Image>
    <Image Include="data\Zombie\MT_Zombie_B_3.dds">
      <Filter>Resource Files\Zombie</Filter>
    </Image>
    <Image Include="data\Zombie\MT_Zombie_B_4.dds">
      <Filter>Resource Files\Zombie</Filter>
    </Image>
    <Image Include="data\Zombie\MT_Zombie_BL_1.dds">
      <Filter>Resource Files\Zombie</Filter>
    </Image>
    <Image Include="data\Zombie\MT_Zombie_BL_2.dds">
      <Filter>Resource Files\Zombie</Filter>
    </Image>
    <Image Include="data\Zombie\MT_Zombie_BL_3.dds">
      <Filter>Resource Files\Zombie</Filter>
    </Image>
    <Image Include="data\Zombie\MT_Zombie_BL_4.dds">
      <Filter>Resource Files\Zombie</Filter>
    </Image>
    <Image Include="data\Zombie\MT_Zombie_BR_1.dds">
      <Filter>Resource Files\Zombie</Filter>
    </Image>
    <Image Include="data\Zombie\MT_Zombie_BR_2.dds">
      <Filter>Resource Files\Zombie</Filter>
    </Image>
    <Image Include="data\Zombie\MT_Zombie_BR_3.dds">
      <Filter>Resource Files\Zombie</Filter>
    </Image>
    <Image Include="data\Zombie\MT_Zombie_BR_4.dds">
      <Filter>Resource Files\Zombie</Filter>
    </Image>
    <Image Include="data\Zombie\MT_Zombie_FL_1.dds">
      <Filter>Resource Files\Zombie</Filter>
    </Image>
    <Image Include="data\Zombie\MT_Zombie_FL_2.dds">
      <Filter>Resource Files\Zombie</Filter>
    </Image>
    <Image Include="data\Zombie\MT_Zombie_FL_3.dds">
      <Filter>Resource Files\Zombie</Filter>
    </Image>
    <Image Include="data\Zombie\MT_Zombie_FL_4.dds">
      <Filter>Resource Files\Zombie</Filter>
    </Image>
    <Image Include="data\Zombie\MT_Zombie_FR_1.dds">
      <Filter>Resource Files\Zombie</Filter>
    </Image>
    <Image Include="data\Zombie\MT_Zombie_FR_2.dds">
      <Filter>Resource Files\Zombie</Filter>
    </Image>
    <Image Include="data\Zombie\MT_Zombie_FR_3.dds">
      <Filter>Resource Files\Zombie</Filter>
    </Image>
    <Image Include="data\Zombie\MT_Zombie_FR_4.dds">
      <Filter>Resource Files\Zombie</Filter>
    </Image>
    <Image Include="data\Zombie\MT_Zombie_L_1.dds">
      <Filter>Resource Files\Zombie</Filter>
    </Image>
    <Image Include="data\Zombie\MT_Zombie_L_2.dds">
      <Filter>Resource Files\Zombie</Filter>
    </Image>
    <Image Include="data\Zombie\MT_Zombie_L_3.dds">
      <Filter>Resource Files\Zombie</Filter>
    </Image>
    <Image Include="data\Zombie\MT_Zombie_L_4.dds">
      <Filter>Resource Files\Zombie</Filter>
    </Image>
    <Image Include="data\Zombie\MT_Zombie_R_1.dds">
      <Filter>Resource Files\Zombie</Filter>
    </Image>
    <Image Include="data\Gun\MT_Gun_1.dds">
      <Filter>Resource Files\Gun</Filter>
    </Image>
    <Image Include="data\Gun\MT_Gun_2.dds">
      <Filter>Resource Files\Gun</Filter>
    </Image>
    <Image Include="data\Gun\MT_Gun_3.dds">
      <Filter>Resource Files\Gun</Filter>
    </Image>
    <Image Include="data\Gun\MT_Gun_4.dds">
      <Filter>Resource Files\Gun</Filter>
    </Image>
    <Image Include="data\Gun\MT_MuzzleFlash_1.dds">
      <Filter>Resource Files\Gun</Filter>
    </Image>
    <Image Include="data\Gun\MT_MuzzleFlash_2.dds">
      <Filter>Resource Files\Gun</Filter>
    </Image>
    <Image Include="data\MT_Crosshair.dds">
      <Filter>Resource Files\Gun</Filter>
    </Image>
    <Image Include="data\Zombie\MT_Zombie_AR_3.dds">
      <Filter>Resource Files\Zombie</Filter>
    </Image>
    <Image Include="data\Zombie\MT_Zombie_AB_1.dds">
      <Filter>Resource Files\Zombie</Filter>
    </Image>
    <Image Include="data\Zombie\MT_Zombie_AB_2.dds">
      <Filter>Resource Files\Zombie</Filter>
    </Image>
    <Image Include="data\Zombie\MT_Zombie_AB_3.dds">
      <Filter>Resource Files\Zombie</Filter>
    </Image>
    <Image Include="data\Zombie\MT_Zombie_ABL_1.dds">
      <Filter>Resource Files\Zombie</Filter>
    </Image>
    <Image Include="data\Zombie\MT_Zombie_ABL_2.dds">
      <Filter>Resource Files\Zombie</Filter>
    </Image>
    <Image Include="data\Zombie\MT_Zombie_ABL_3.dds">
      <Filter>Resource Files\Zombie</Filter>
    </Image>
    <Image Include="data\Zombie\MT_Zombie_ABR_1.dds">
      <Filter>Resource Files\Zombie</Filter>
    </Image>
    <Image Include="data\Zombie\MT_Zombie_ABR_2.dds">
      <Filter>Resource Files\Zombie</Filter>
    </Image>
    <Image Include="data\Zombie\MT_Zombie_ABR_3.dds">
      <Filter>Resource Files\Zombie</Filter>
    </Image>
    <Image Include="data\Zombie\MT_Zombie_AF_1.dds">
      <Filter>Resource Files\Zombie</Filter>
    </Image>
    <Image Include="data\Zombie\MT_Zombie_AF_2.dds">
      <Filter>Resource Files\Zombie</Filter>
    </Image>
    <Image Include="data\Zombie\MT_Zombie_AF_3.dds">
      <Filter>Resource Files\Zombie</Filter>
    </Image>
    <Image Include="data\Zombie\MT_Zombie_AFL_1.dds">
      <Filter>Resource Files\Zombie</Filter>
    </Image>
    <Image Include="data\Zombie\MT_Zombie_AFL_2.dds">
      <Filter>Resource Files\Zombie</Filter>
    </Image>
    <Image Include="data\Zombie\MT_Zombie_AFL_3.dds">
      <Filter>Resource Files\Zombie</Filter>
    </Image>
    <Image Include="data\Zombie\MT_Zombie_AFR_1.dds">
      <Filter>Resource Files\Zombie</Filter>
    </Image>
    <Image Include="data\Zombie\MT_Zombie_AFR_2.dds">
      <Filter>Resource Files\Zombie</Filter>
    </Image>
    <Image Include="data\Zombie\MT_Zombie_AFR_3.dds">
      <Filter>Resource Files\Zombie</Filter>
    </Image>
    <Image Include="data\Zombie\MT_Zombie_AL_1.dds">
      <Filter>Resource Files\Zombie</Filter>
    </Image>
    <Image Include="data\Zombie\MT_Zombie_AL_2.dds">
      <Filter>Resource Files\Zombie</Filter>
    </Image>
    <Image Include="data\Zombie\MT_Zombie_AL_3.dds">
      <Filter>Resource Files\Zombie</Filter>
    </Image>
    <Image Include="data\Zombie\MT_Zombie_AR_1.dds">
      <Filter>Resource Files\Zombie</Filter>
    </Image>
    <Image Include="data\Zombie\MT_Zombie_AR_2.dds">
      <Filter>Resource Files\Zombie</Filter>
    </Image>
    <Image Include="data\MT_White.dds">
      <Filter>Resource Files</Filter>
    </Image>
    <Image Include="data\NT_Stone.dds">
      <Filter>Resource Files</Filter>
    </Image>
    <Image Include="data\ET_Stone.dds">
      <Filter>Resource Files</Filter>
    </Image>
    <Image Include="data\skymap.dds">
      <Filter>Resource Files</Filter>
    </Image>
    <Image Include="data\skyboxbox.dds">
      <Filter>Resource Files</Filter>
    </Image>
    <Image Include="data\Gun\MT_Bullet.dds">
      <Filter>Resource Files\Gun</Filter>
    </Image>
    <Image Include="data\Zombie\MT_Zombie_D_1.dds">
      <Filter>Resource Files\Zombie</Filter>
    </Image>
    <Image Include="data\Zombie\MT_Zombie_D_2.dds">
      <Filter>Resource Files\Zombie</Filter>
    </Image>
    <Image Include="data\Zombie\MT_Zombie_D_3.dds">
      <Filter>Resource Files\Zombie</Filter>
    </Image>
    <Image Include="data\Zombie\MT_Zombie_D_4.dds">
      <Filter>Resource Files\Zombie</Filter>
    </Image>
    <Image Include="data\Zombie\MT_Zombie_D_5.dds">
      <Filter>Resource Files\Zombie</Filter>
    </Image>
    <Image Include="data\Zombie\MT_Zombie_HB.dds">
      <Filter>Resource Files\Zombie</Filter>
    </Image>
    <Image Include="data\Zombie\MT_Zombie_HBL.dds">
      <Filter>Resource Files\Zombie</Filter>
    </Image>
    <Image Include="data\Zombie\MT_Zombie_HBR.dds">
      <Filter>Resource Files\Zombie</Filter>
    </Image>
    <Image Include="data\Zombie\MT_Zombie_HF.dds">
      <Filter>Resource Files\Zombie</Filter>
    </Image>
    <Image Include="data\Zombie\MT_Zombie_HFL.dds">
      <Filter>Resource Files\Zombie</Filter>
    </Image>
    <Image Include="data\Zombie\MT_Zombie_HFR.dds">
      <Filter>Resource Files\Zombie</Filter>
    </Image>
    <Image Include="data\Zombie\MT_Zombie_HL.dds">
      <Filter>Resource Files\Zombie</Filter>
    </Image>
    <Image Include="data\Zombie\MT_Zombie_HR.dds">
      <Filter>Resource Files\Zombie</Filter>
    </Image>
    <Image Include="data\star.dds">
      <Filter>Resource Files</Filter>
    </Image>
    <Image Include="data\gameclear.dds">
      <Filter>Resource Files</Filter>
    </Image>
    <Image Include="data\title.dds">
      <Filter>Resource Files</Filter>
    </Image>
    <Image Include="data\gameover.dds">
      <Filter>Resource Files</Filter>
    </Image>
    <Image Include="data\tile.dds">
      <Filter>Resource Files</Filter>
    </Image>
    <Image Include="data\dirty.dds">
      <Filter>Resource Files</Filter>
    </Image>
    <Image Include="data\MT_Red.dds">
      <Filter>Resource Files</Filter>
    </Image>
  </ItemGroup>
  <ItemGroup>
    <Text Include="data\map.txt">
      <Filter>Resource Files</Filter>
    </Text>
  </ItemGroup>
</Project>